
Microsoft Visual Studio Solution File, Format Version 12.00
# Visual Studio 14
VisualStudioVersion = 14.0.23107.0
MinimumVisualStudioVersion = 10.0.40219.1
Project("{FAE04EC0-301F-11D3-BF4B-00C04F79EFBC}") = "AirlinReservationSystem", "AirlinReservationSystem\AirlinReservationSystem.csproj", "{C5E8B734-240E-47FD-93B6-B907677C3FC7}"
EndProject
Global
	GlobalSection(SolutionConfigurationPlatforms) = preSolution
		Debug|Any CPU = Debug|Any CPU
		Release|Any CPU = Release|Any CPU
	EndGlobalSection
	GlobalSection(ProjectConfigurationPlatforms) = postSolution
		{C5E8B734-240E-47FD-93B6-B907677C3FC7}.Debug|Any CPU.ActiveCfg = Debug|Any CPU
		{C5E8B734-240E-47FD-93B6-B907677C3FC7}.Debug|Any CPU.Build.0 = Debug|Any CPU
		{C5E8B734-240E-47FD-93B6-B907677C3FC7}.Release|Any CPU.ActiveCfg = Release|Any CPU
		{C5E8B734-240E-47FD-93B6-B907677C3FC7}.Release|Any CPU.Build.0 = Release|Any CPU
	EndGlobalSection
	GlobalSection(SolutionProperties) = preSolution
		HideSolutionNode = FALSE
	EndGlobalSection
EndGlobal
